{
  "pins" : [
    {
      "identity" : "apollo-ios",
      "kind" : "remoteSourceControl",
      "location" : "https://github.com/apollographql/apollo-ios.git",
      "state" : {
        "revision" : "eedde2151859011a44bb7cb05388deb2bf532644",
        "version" : "1.9.3"
      }
    },
    {
      "identity" : "bluesignals",
      "kind" : "remoteSourceControl",
      "location" : "https://github.com/IBM-Swift/BlueSignals.git",
      "state" : {
        "revision" : "1f6c49e186c8a4eeef87ba14f2f97b8646559d13",
        "version" : "1.0.200"
      }
    },
    {
      "identity" : "files",
      "kind" : "remoteSourceControl",
      "location" : "https://github.com/JohnSundell/Files",
      "state" : {
        "revision" : "d273b5b7025d386feef79ef6bad7de762e106eaf",
        "version" : "4.2.0"
      }
    },
    {
      "identity" : "nanoseconds",
      "kind" : "remoteSourceControl",
      "location" : "https://github.com/dominicegginton/Nanoseconds",
      "state" : {
        "revision" : "34318d7a13b5b5013102fbe18b36b80368b4dcbd",
        "version" : "1.1.2"
      }
    },
    {
      "identity" : "rainbow",
      "kind" : "remoteSourceControl",
      "location" : "https://github.com/onevcat/Rainbow",
      "state" : {
        "revision" : "e0dada9cd44e3fa7ec3b867e49a8ddbf543e3df3",
        "version" : "4.0.1"
      }
    },
    {
      "identity" : "spinner",
      "kind" : "remoteSourceControl",
      "location" : "https://github.com/dominicegginton/Spinner",
      "state" : {
        "revision" : "16ac0c404320005936579f1d6454bb88dbd8d71a",
        "version" : "2.1.0"
      }
    },
    {
      "identity" : "sqlite.swift",
      "kind" : "remoteSourceControl",
      "location" : "https://github.com/stephencelis/SQLite.swift.git",
      "state" : {
        "revision" : "e78ae0220e17525a15ac68c697a155eb7a672a8e",
        "version" : "0.15.0"
      }
    },
    {
      "identity" : "starscream",
      "kind" : "remoteSourceControl",
      "location" : "https://github.com/daltoniam/Starscream.git",
      "state" : {
        "revision" : "c6bfd1af48efcc9a9ad203665db12375ba6b145a",
        "version" : "4.0.8"
      }
    },
    {
      "identity" : "swift-argument-parser",
      "kind" : "remoteSourceControl",
      "location" : "https://github.com/apple/swift-argument-parser",
      "state" : {
        "revision" : "46989693916f56d1186bd59ac15124caef896560",
        "version" : "1.3.1"
      }
    },
    {
      "identity" : "swift-cmark",
      "kind" : "remoteSourceControl",
      "location" : "https://github.com/apple/swift-cmark.git",
      "state" : {
        "revision" : "f218e5d7691f78b55bfa39b367763f4612486c35",
        "version" : "0.3.0"
      }
    },
    {
      "identity" : "swift-format",
      "kind" : "remoteSourceControl",
      "location" : "https://github.com/apple/swift-format",
      "state" : {
        "revision" : "83248b4fa37919f78ffbd4650946759bcc54c2b5",
        "version" : "509.0.0"
      }
    },
    {
      "identity" : "swift-graphql",
      "kind" : "remoteSourceControl",
      "location" : "https://github.com/maticzav/swift-graphql/",
      "state" : {
        "revision" : "778b5eca6f3bd9ac8554b1d3bfa53900ea2c1a2b",
        "version" : "5.1.2"
      }
    },
    {
      "identity" : "swift-log",
      "kind" : "remoteSourceControl",
      "location" : "https://github.com/apple/swift-log.git",
      "state" : {
        "revision" : "e97a6fcb1ab07462881ac165fdbb37f067e205d5",
        "version" : "1.5.4"
      }
    },
    {
      "identity" : "swift-markdown",
      "kind" : "remoteSourceControl",
      "location" : "https://github.com/apple/swift-markdown.git",
      "state" : {
        "revision" : "e4f95e2dc23097a1a9a1dfdfe3fe3ee44de77378",
        "version" : "0.3.0"
      }
    },
    {
      "identity" : "swift-syntax",
      "kind" : "remoteSourceControl",
      "location" : "https://github.com/apple/swift-syntax.git",
      "state" : {
        "revision" : "64889f0c732f210a935a0ad7cda38f77f876262d",
        "version" : "509.1.1"
      }
    },
    {
      "identity" : "yams",
      "kind" : "remoteSourceControl",
      "location" : "https://github.com/jpsim/Yams.git",
      "state" : {
        "revision" : "8a835d918245ca22f36663dd3862138805d7f707",
        "version" : "5.1.0"
      }
    }
  ],
  "version" : 2
}
